{
  "name": "sendgrid",
  "lockfileVersion": 2,
  "requires": true,
  "packages": {
    "": {
      "dependencies": {
        "@sendgrid/mail": "^7.4.4",
        "open": "^8.0.9",
        "paypal-ipn": "^3.0.0"
      }
    },
    "node_modules/@sendgrid/client": {
      "version": "7.4.3",
      "resolved": "https://registry.npmjs.org/@sendgrid/client/-/client-7.4.3.tgz",
      "integrity": "sha512-tTaHx893w5iqG0sVtUnMyRchuwYF95k4UOkmov1MouMIeMUbNvbalITo7cG7YSXUTY9rT2t4eBY6HcEBCVeqfg==",
      "dependencies": {
        "@sendgrid/helpers": "^7.4.3",
        "axios": "^0.21.1"
      },
      "engines": {
        "node": "6.* || 8.* || >=10.*"
      }
    },
    "node_modules/@sendgrid/helpers": {
      "version": "7.4.3",
      "resolved": "https://registry.npmjs.org/@sendgrid/helpers/-/helpers-7.4.3.tgz",
      "integrity": "sha512-Wt+68g1sVEM5UspJh34O/cxtv6BBbtAIk7U9B3PB2ySOtPs9e6hI1QkgYVwpNmkt7k2p86muUNyma/Aig25agg==",
      "dependencies": {
        "deepmerge": "^4.2.2"
      },
      "engines": {
        "node": ">= 6.0.0"
      }
    },
    "node_modules/@sendgrid/mail": {
      "version": "7.4.4",
      "resolved": "https://registry.npmjs.org/@sendgrid/mail/-/mail-7.4.4.tgz",
      "integrity": "sha512-9+dyArajxbPY7eJJAd2eps7MVsXW9E4Y294gWeMYku0/Id/qAivexidjstvkkVlZdlrHbEsGDlnMEcw2eXOiFg==",
      "dependencies": {
        "@sendgrid/client": "^7.4.3",
        "@sendgrid/helpers": "^7.4.3"
      },
      "engines": {
        "node": "6.* || 8.* || >=10.*"
      }
    },
    "node_modules/axios": {
      "version": "0.21.1",
      "resolved": "https://registry.npmjs.org/axios/-/axios-0.21.1.tgz",
      "integrity": "sha512-dKQiRHxGD9PPRIUNIWvZhPTPpl1rf/OxTYKsqKUDjBwYylTvV7SjSHJb9ratfyzM6wCdLCOYLzs73qpg5c4iGA==",
      "dependencies": {
        "follow-redirects": "^1.10.0"
      }
    },
    "node_modules/deepmerge": {
      "version": "4.2.2",
      "resolved": "https://registry.npmjs.org/deepmerge/-/deepmerge-4.2.2.tgz",
      "integrity": "sha512-FJ3UgI4gIl+PHZm53knsuSFpE+nESMr7M4v9QcgB7S63Kj/6WqMiFQJpBBYz1Pt+66bZpP3Q7Lye0Oo9MPKEdg==",
      "engines": {
        "node": ">=0.10.0"
      }
    },
    "node_modules/define-lazy-prop": {
      "version": "2.0.0",
      "resolved": "https://registry.npmjs.org/define-lazy-prop/-/define-lazy-prop-2.0.0.tgz",
      "integrity": "sha512-Ds09qNh8yw3khSjiJjiUInaGX9xlqZDY7JVryGxdxV7NPeuqQfplOpQ66yJFZut3jLa5zOwkXw1g9EI2uKh4Og==",
      "engines": {
        "node": ">=8"
      }
    },
    "node_modules/follow-redirects": {
      "version": "1.14.1",
      "resolved": "https://registry.npmjs.org/follow-redirects/-/follow-redirects-1.14.1.tgz",
      "integrity": "sha512-HWqDgT7ZEkqRzBvc2s64vSZ/hfOceEol3ac/7tKwzuvEyWx3/4UegXh5oBOIotkGsObyk3xznnSRVADBgWSQVg==",
      "funding": [
        {
          "type": "individual",
          "url": "https://github.com/sponsors/RubenVerborgh"
        }
      ],
      "engines": {
        "node": ">=4.0"
      },
      "peerDependenciesMeta": {
        "debug": {
          "optional": true
        }
      }
    },
    "node_modules/is-docker": {
      "version": "2.2.1",
      "resolved": "https://registry.npmjs.org/is-docker/-/is-docker-2.2.1.tgz",
      "integrity": "sha512-F+i2BKsFrH66iaUFc0woD8sLy8getkwTwtOBjvs56Cx4CgJDeKQeqfz8wAYiSb8JOprWhHH5p77PbmYCvvUuXQ==",
      "bin": {
        "is-docker": "cli.js"
      },
      "engines": {
        "node": ">=8"
      },
      "funding": {
        "url": "https://github.com/sponsors/sindresorhus"
      }
    },
    "node_modules/is-wsl": {
      "version": "2.2.0",
      "resolved": "https://registry.npmjs.org/is-wsl/-/is-wsl-2.2.0.tgz",
      "integrity": "sha512-fKzAra0rGJUUBwGBgNkHZuToZcn+TtXHpeCgmkMJMMYx1sQDYaCSyjJBSCa2nH1DGm7s3n1oBnohoVTBaN7Lww==",
      "dependencies": {
        "is-docker": "^2.0.0"
      },
      "engines": {
        "node": ">=8"
      }
    },
    "node_modules/open": {
      "version": "8.0.9",
      "resolved": "https://registry.npmjs.org/open/-/open-8.0.9.tgz",
      "integrity": "sha512-vbCrqMav3K8mCCy8NdK4teUky0tpDrBbuiDLduCdVhc5oA9toJMip9rBkuwdwSI9E7NOkz4VkLWPi8DD2MP1gQ==",
      "dependencies": {
        "define-lazy-prop": "^2.0.0",
        "is-docker": "^2.1.1",
        "is-wsl": "^2.2.0"
      },
      "engines": {
        "node": ">=12"
      },
      "funding": {
        "url": "https://github.com/sponsors/sindresorhus"
      }
    },
    "node_modules/paypal-ipn": {
      "version": "3.0.0",
      "resolved": "https://registry.npmjs.org/paypal-ipn/-/paypal-ipn-3.0.0.tgz",
      "integrity": "sha1-dJqK8PkUh8p72xkM0GVToTkqsIo=",
      "engines": [
        "node"
      ]
    }
  },
  "dependencies": {
    "@sendgrid/client": {
      "version": "7.4.3",
      "resolved": "https://registry.npmjs.org/@sendgrid/client/-/client-7.4.3.tgz",
      "integrity": "sha512-tTaHx893w5iqG0sVtUnMyRchuwYF95k4UOkmov1MouMIeMUbNvbalITo7cG7YSXUTY9rT2t4eBY6HcEBCVeqfg==",
      "requires": {
        "@sendgrid/helpers": "^7.4.3",
        "axios": "^0.21.1"
      }
    },
    "@sendgrid/helpers": {
      "version": "7.4.3",
      "resolved": "https://registry.npmjs.org/@sendgrid/helpers/-/helpers-7.4.3.tgz",
      "integrity": "sha512-Wt+68g1sVEM5UspJh34O/cxtv6BBbtAIk7U9B3PB2ySOtPs9e6hI1QkgYVwpNmkt7k2p86muUNyma/Aig25agg==",
      "requires": {
        "deepmerge": "^4.2.2"
      }
    },
    "@sendgrid/mail": {
      "version": "7.4.4",
      "resolved": "https://registry.npmjs.org/@sendgrid/mail/-/mail-7.4.4.tgz",
      "integrity": "sha512-9+dyArajxbPY7eJJAd2eps7MVsXW9E4Y294gWeMYku0/Id/qAivexidjstvkkVlZdlrHbEsGDlnMEcw2eXOiFg==",
      "requires": {
        "@sendgrid/client": "^7.4.3",
        "@sendgrid/helpers": "^7.4.3"
      }
    },
    "axios": {
      "version": "0.21.1",
      "resolved": "https://registry.npmjs.org/axios/-/axios-0.21.1.tgz",
      "integrity": "sha512-dKQiRHxGD9PPRIUNIWvZhPTPpl1rf/OxTYKsqKUDjBwYylTvV7SjSHJb9ratfyzM6wCdLCOYLzs73qpg5c4iGA==",
      "requires": {
        "follow-redirects": "^1.10.0"
      }
    },
    "deepmerge": {
      "version": "4.2.2",
      "resolved": "https://registry.npmjs.org/deepmerge/-/deepmerge-4.2.2.tgz",
      "integrity": "sha512-FJ3UgI4gIl+PHZm53knsuSFpE+nESMr7M4v9QcgB7S63Kj/6WqMiFQJpBBYz1Pt+66bZpP3Q7Lye0Oo9MPKEdg=="
    },
    "define-lazy-prop": {
      "version": "2.0.0",
      "resolved": "https://registry.npmjs.org/define-lazy-prop/-/define-lazy-prop-2.0.0.tgz",
      "integrity": "sha512-Ds09qNh8yw3khSjiJjiUInaGX9xlqZDY7JVryGxdxV7NPeuqQfplOpQ66yJFZut3jLa5zOwkXw1g9EI2uKh4Og=="
    },
    "follow-redirects": {
      "version": "1.14.1",
      "resolved": "https://registry.npmjs.org/follow-redirects/-/follow-redirects-1.14.1.tgz",
      "integrity": "sha512-HWqDgT7ZEkqRzBvc2s64vSZ/hfOceEol3ac/7tKwzuvEyWx3/4UegXh5oBOIotkGsObyk3xznnSRVADBgWSQVg=="
    },
    "is-docker": {
      "version": "2.2.1",
      "resolved": "https://registry.npmjs.org/is-docker/-/is-docker-2.2.1.tgz",
      "integrity": "sha512-F+i2BKsFrH66iaUFc0woD8sLy8getkwTwtOBjvs56Cx4CgJDeKQeqfz8wAYiSb8JOprWhHH5p77PbmYCvvUuXQ=="
    },
    "is-wsl": {
      "version": "2.2.0",
      "resolved": "https://registry.npmjs.org/is-wsl/-/is-wsl-2.2.0.tgz",
      "integrity": "sha512-fKzAra0rGJUUBwGBgNkHZuToZcn+TtXHpeCgmkMJMMYx1sQDYaCSyjJBSCa2nH1DGm7s3n1oBnohoVTBaN7Lww==",
      "requires": {
        "is-docker": "^2.0.0"
      }
    },
    "open": {
      "version": "8.0.9",
      "resolved": "https://registry.npmjs.org/open/-/open-8.0.9.tgz",
      "integrity": "sha512-vbCrqMav3K8mCCy8NdK4teUky0tpDrBbuiDLduCdVhc5oA9toJMip9rBkuwdwSI9E7NOkz4VkLWPi8DD2MP1gQ==",
      "requires": {
        "define-lazy-prop": "^2.0.0",
        "is-docker": "^2.1.1",
        "is-wsl": "^2.2.0"
      }
    },
    "paypal-ipn": {
      "version": "3.0.0",
      "resolved": "https://registry.npmjs.org/paypal-ipn/-/paypal-ipn-3.0.0.tgz",
      "integrity": "sha1-dJqK8PkUh8p72xkM0GVToTkqsIo="
    }
  }
}
